
Microsoft Visual Studio Solution File, Format Version 12.00
# Visual Studio 15
VisualStudioVersion = 15.0.26730.16
MinimumVisualStudioVersion = 10.0.40219.1
Project("{FAE04EC0-301F-11D3-BF4B-00C04F79EFBC}") = "A2v10.Help", "A2v10.Help\A2v10.Help.csproj", "{68FAD6DF-8F19-4201-9D8F-50B6052103B1}"
EndProject
Project("{FAE04EC0-301F-11D3-BF4B-00C04F79EFBC}") = "MakeHelp", "MakeHelp\MakeHelp.csproj", "{B14A4079-78E0-4A05-BF6E-5761810FB64F}"
EndProject
Global
	GlobalSection(SolutionConfigurationPlatforms) = preSolution
		Debug|Any CPU = Debug|Any CPU
		Release|Any CPU = Release|Any CPU
	EndGlobalSection
	GlobalSection(ProjectConfigurationPlatforms) = postSolution
		{68FAD6DF-8F19-4201-9D8F-50B6052103B1}.Debug|Any CPU.ActiveCfg = Debug|Any CPU
		{68FAD6DF-8F19-4201-9D8F-50B6052103B1}.Debug|Any CPU.Build.0 = Debug|Any CPU
		{68FAD6DF-8F19-4201-9D8F-50B6052103B1}.Release|Any CPU.ActiveCfg = Release|Any CPU
		{68FAD6DF-8F19-4201-9D8F-50B6052103B1}.Release|Any CPU.Build.0 = Release|Any CPU
		{B14A4079-78E0-4A05-BF6E-5761810FB64F}.Debug|Any CPU.ActiveCfg = Debug|Any CPU
		{B14A4079-78E0-4A05-BF6E-5761810FB64F}.Debug|Any CPU.Build.0 = Debug|Any CPU
		{B14A4079-78E0-4A05-BF6E-5761810FB64F}.Release|Any CPU.ActiveCfg = Release|Any CPU
		{B14A4079-78E0-4A05-BF6E-5761810FB64F}.Release|Any CPU.Build.0 = Release|Any CPU
	EndGlobalSection
	GlobalSection(SolutionProperties) = preSolution
		HideSolutionNode = FALSE
	EndGlobalSection
	GlobalSection(ExtensibilityGlobals) = postSolution
		SolutionGuid = {61CCB0DD-FDB0-40A7-8EF0-2ED003F3DAF7}
	EndGlobalSection
EndGlobal
